PODS:
  - PpgCoreSDK (0.0.11)

DEPENDENCIES:
  - PpgCoreSDK (from `/Users/worotyns/code/ppg/ppg-core-ios-sdk`)

EXTERNAL SOURCES:
  PpgCoreSDK:
    :path: "/Users/worotyns/code/ppg/ppg-core-ios-sdk"

SPEC CHECKSUMS:
  PpgCoreSDK: 76c44cf7ddd3afbce74183ed44e9232557011c24

PODFILE CHECKSUM: 3745efa55adb0c105591c0ea1c08e0ed3bfcb744

COCOAPODS: 1.12.1
