PODS:
  - PpgCoreSDK (0.0.9)

DEPENDENCIES:
  - PpgCoreSDK (from `/Users/worotyns/code/ppg-core-ios-sdk`)

EXTERNAL SOURCES:
  PpgCoreSDK:
    :path: "/Users/worotyns/code/ppg-core-ios-sdk"

SPEC CHECKSUMS:
  PpgCoreSDK: 26c4d8f23fe7b8ab9e7476f74299c69c44e12e9d

PODFILE CHECKSUM: 024545c1607626ec99cd8a7d6b8b6e73a52f2379

COCOAPODS: 1.12.1
