// !$*UTF8*$!
{
	archiveVersion = 1;
	classes = {
	};
	objectVersion = 56;
	objects = {

/* Begin PBXBuildFile section */
		465FEA8D29D58A4400C85F94 /* EventService.swift in Sources */ = {isa = PBXBuildFile; fileRef = 465FEA8B29D58A4400C85F94 /* EventService.swift */; };
		465FEA8E29D58A4400C85F94 /* PpgCoreClient.swift in Sources */ = {isa = PBXBuildFile; fileRef = 465FEA8C29D58A4400C85F94 /* PpgCoreClient.swift */; };
		465FEA9429D58A5700C85F94 /* Data.swift in Sources */ = {isa = PBXBuildFile; fileRef = 465FEA9129D58A5700C85F94 /* Data.swift */; };
		465FEA9529D58A5700C85F94 /* UNNotificationAttachment.swift in Sources */ = {isa = PBXBuildFile; fileRef = 465FEA9229D58A5700C85F94 /* UNNotificationAttachment.swift */; };
		465FEA9629D58A5700C85F94 /* TemporaryImage.swift in Sources */ = {isa = PBXBuildFile; fileRef = 465FEA9329D58A5700C85F94 /* TemporaryImage.swift */; };
		465FEA9E29D58A6400C85F94 /* DataNotification.swift in Sources */ = {isa = PBXBuildFile; fileRef = 465FEA9729D58A6400C85F94 /* DataNotification.swift */; };
		465FEA9F29D58A6400C85F94 /* NotificationDelivered.swift in Sources */ = {isa = PBXBuildFile; fileRef = 465FEA9829D58A6400C85F94 /* NotificationDelivered.swift */; };
		465FEAA029D58A6400C85F94 /* NotificationClosed.swift in Sources */ = {isa = PBXBuildFile; fileRef = 465FEA9929D58A6400C85F94 /* NotificationClosed.swift */; };
		465FEAA129D58A6400C85F94 /* NotificationClicked.swift in Sources */ = {isa = PBXBuildFile; fileRef = 465FEA9A29D58A6400C85F94 /* NotificationClicked.swift */; };
		465FEAA229D58A6400C85F94 /* SilentNotification.swift in Sources */ = {isa = PBXBuildFile; fileRef = 465FEA9B29D58A6400C85F94 /* SilentNotification.swift */; };
		465FEAA329D58A6400C85F94 /* Subscription.swift in Sources */ = {isa = PBXBuildFile; fileRef = 465FEA9C29D58A6400C85F94 /* Subscription.swift */; };
		465FEAA429D58A6400C85F94 /* Notification.swift in Sources */ = {isa = PBXBuildFile; fileRef = 465FEA9D29D58A6400C85F94 /* Notification.swift */; };
		465FEACA29D5939400C85F94 /* LocalNotifcationService.swift in Sources */ = {isa = PBXBuildFile; fileRef = 465FEAC929D5939400C85F94 /* LocalNotifcationService.swift */; };
		467C96FD29EE823700DC3C50 /* PpgCoreLogger.swift in Sources */ = {isa = PBXBuildFile; fileRef = 467C96FC29EE823700DC3C50 /* PpgCoreLogger.swift */; };
		46CB7CA229D322E400D1E118 /* PpgCoreSDK.docc in Sources */ = {isa = PBXBuildFile; fileRef = 46CB7CA129D322E400D1E118 /* PpgCoreSDK.docc */; };
		46CB7CA829D322E400D1E118 /* PpgCoreSDK.framework in Frameworks */ = {isa = PBXBuildFile; fileRef = 46CB7C9D29D322E400D1E118 /* PpgCoreSDK.framework */; };
		46CB7CAD29D322E400D1E118 /* PpgCoreSDKTest.swift in Sources */ = {isa = PBXBuildFile; fileRef = 46CB7CAC29D322E400D1E118 /* PpgCoreSDKTest.swift */; };
		46CB7CAE29D322E400D1E118 /* PpgCoreSDK.h in Headers */ = {isa = PBXBuildFile; fileRef = 46CB7CA029D322E400D1E118 /* PpgCoreSDK.h */; settings = {ATTRIBUTES = (Public, ); }; };
/* End PBXBuildFile section */

/* Begin PBXContainerItemProxy section */
		46CB7CA929D322E400D1E118 /* PBXContainerItemProxy */ = {
			isa = PBXContainerItemProxy;
			containerPortal = 46CB7C9429D322E400D1E118 /* Project object */;
			proxyType = 1;
			remoteGlobalIDString = 46CB7C9C29D322E400D1E118;
			remoteInfo = core_sdk;
		};
/* End PBXContainerItemProxy section */

/* Begin PBXFileReference section */
		465FEA8B29D58A4400C85F94 /* EventService.swift */ = {isa = PBXFileReference; fileEncoding = 4; lastKnownFileType = sourcecode.swift; path = EventService.swift; sourceTree = "<group>"; };
		465FEA8C29D58A4400C85F94 /* PpgCoreClient.swift */ = {isa = PBXFileReference; fileEncoding = 4; lastKnownFileType = sourcecode.swift; path = PpgCoreClient.swift; sourceTree = "<group>"; };
		465FEA9129D58A5700C85F94 /* Data.swift */ = {isa = PBXFileReference; fileEncoding = 4; lastKnownFileType = sourcecode.swift; path = Data.swift; sourceTree = "<group>"; };
		465FEA9229D58A5700C85F94 /* UNNotificationAttachment.swift */ = {isa = PBXFileReference; fileEncoding = 4; lastKnownFileType = sourcecode.swift; path = UNNotificationAttachment.swift; sourceTree = "<group>"; };
		465FEA9329D58A5700C85F94 /* TemporaryImage.swift */ = {isa = PBXFileReference; fileEncoding = 4; lastKnownFileType = sourcecode.swift; path = TemporaryImage.swift; sourceTree = "<group>"; };
		465FEA9729D58A6400C85F94 /* DataNotification.swift */ = {isa = PBXFileReference; fileEncoding = 4; lastKnownFileType = sourcecode.swift; path = DataNotification.swift; sourceTree = "<group>"; };
		465FEA9829D58A6400C85F94 /* NotificationDelivered.swift */ = {isa = PBXFileReference; fileEncoding = 4; lastKnownFileType = sourcecode.swift; path = NotificationDelivered.swift; sourceTree = "<group>"; };
		465FEA9929D58A6400C85F94 /* NotificationClosed.swift */ = {isa = PBXFileReference; fileEncoding = 4; lastKnownFileType = sourcecode.swift; path = NotificationClosed.swift; sourceTree = "<group>"; };
		465FEA9A29D58A6400C85F94 /* NotificationClicked.swift */ = {isa = PBXFileReference; fileEncoding = 4; lastKnownFileType = sourcecode.swift; path = NotificationClicked.swift; sourceTree = "<group>"; };
		465FEA9B29D58A6400C85F94 /* SilentNotification.swift */ = {isa = PBXFileReference; fileEncoding = 4; lastKnownFileType = sourcecode.swift; path = SilentNotification.swift; sourceTree = "<group>"; };
		465FEA9C29D58A6400C85F94 /* Subscription.swift */ = {isa = PBXFileReference; fileEncoding = 4; lastKnownFileType = sourcecode.swift; path = Subscription.swift; sourceTree = "<group>"; };
		465FEA9D29D58A6400C85F94 /* Notification.swift */ = {isa = PBXFileReference; fileEncoding = 4; lastKnownFileType = sourcecode.swift; path = Notification.swift; sourceTree = "<group>"; };
		465FEAC929D5939400C85F94 /* LocalNotifcationService.swift */ = {isa = PBXFileReference; fileEncoding = 4; lastKnownFileType = sourcecode.swift; path = LocalNotifcationService.swift; sourceTree = "<group>"; };
		467C96FC29EE823700DC3C50 /* PpgCoreLogger.swift */ = {isa = PBXFileReference; lastKnownFileType = sourcecode.swift; path = PpgCoreLogger.swift; sourceTree = "<group>"; };
		46CB7C9D29D322E400D1E118 /* PpgCoreSDK.framework */ = {isa = PBXFileReference; explicitFileType = wrapper.framework; includeInIndex = 0; path = PpgCoreSDK.framework; sourceTree = BUILT_PRODUCTS_DIR; };
		46CB7CA029D322E400D1E118 /* PpgCoreSDK.h */ = {isa = PBXFileReference; lastKnownFileType = sourcecode.c.h; path = PpgCoreSDK.h; sourceTree = "<group>"; };
		46CB7CA129D322E400D1E118 /* PpgCoreSDK.docc */ = {isa = PBXFileReference; lastKnownFileType = folder.documentationcatalog; path = PpgCoreSDK.docc; sourceTree = "<group>"; };
		46CB7CA729D322E400D1E118 /* PpgCoreSDKTests.xctest */ = {isa = PBXFileReference; explicitFileType = wrapper.cfbundle; includeInIndex = 0; path = PpgCoreSDKTests.xctest; sourceTree = BUILT_PRODUCTS_DIR; };
		46CB7CAC29D322E400D1E118 /* PpgCoreSDKTest.swift */ = {isa = PBXFileReference; lastKnownFileType = sourcecode.swift; path = PpgCoreSDKTest.swift; sourceTree = "<group>"; };
/* End PBXFileReference section */

/* Begin PBXFrameworksBuildPhase section */
		46CB7C9A29D322E400D1E118 /* Frameworks */ = {
			isa = PBXFrameworksBuildPhase;
			buildActionMask = 2147483647;
			files = (
			);
			runOnlyForDeploymentPostprocessing = 0;
		};
		46CB7CA429D322E400D1E118 /* Frameworks */ = {
			isa = PBXFrameworksBuildPhase;
			buildActionMask = 2147483647;
			files = (
				46CB7CA829D322E400D1E118 /* PpgCoreSDK.framework in Frameworks */,
			);
			runOnlyForDeploymentPostprocessing = 0;
		};
/* End PBXFrameworksBuildPhase section */

/* Begin PBXGroup section */
		465FEA8729D58A0B00C85F94 /* Services */ = {
			isa = PBXGroup;
			children = (
				465FEAC929D5939400C85F94 /* LocalNotifcationService.swift */,
				465FEA8B29D58A4400C85F94 /* EventService.swift */,
			);
			path = Services;
			sourceTree = "<group>";
		};
		465FEA8929D58A2700C85F94 /* Extensions */ = {
			isa = PBXGroup;
			children = (
				465FEA9229D58A5700C85F94 /* UNNotificationAttachment.swift */,
				465FEA9129D58A5700C85F94 /* Data.swift */,
				465FEA9329D58A5700C85F94 /* TemporaryImage.swift */,
			);
			path = Extensions;
			sourceTree = "<group>";
		};
		465FEA8A29D58A3200C85F94 /* Models */ = {
			isa = PBXGroup;
			children = (
				465FEA9D29D58A6400C85F94 /* Notification.swift */,
				465FEA9929D58A6400C85F94 /* NotificationClosed.swift */,
				465FEA9829D58A6400C85F94 /* NotificationDelivered.swift */,
				465FEA9A29D58A6400C85F94 /* NotificationClicked.swift */,
				465FEA9C29D58A6400C85F94 /* Subscription.swift */,
				465FEA9729D58A6400C85F94 /* DataNotification.swift */,
				465FEA9B29D58A6400C85F94 /* SilentNotification.swift */,
			);
			path = Models;
			sourceTree = "<group>";
		};
		467C96FE29EE825200DC3C50 /* Utils */ = {
			isa = PBXGroup;
			children = (
				467C96FC29EE823700DC3C50 /* PpgCoreLogger.swift */,
			);
			path = Utils;
			sourceTree = "<group>";
		};
		46CB7C9329D322E400D1E118 = {
			isa = PBXGroup;
			children = (
				46CB7C9F29D322E400D1E118 /* PpgCoreSDK */,
				46CB7CAB29D322E400D1E118 /* PpgCoreSDKTests */,
				46CB7C9E29D322E400D1E118 /* Products */,
			);
			sourceTree = "<group>";
		};
		46CB7C9E29D322E400D1E118 /* Products */ = {
			isa = PBXGroup;
			children = (
				46CB7C9D29D322E400D1E118 /* PpgCoreSDK.framework */,
				46CB7CA729D322E400D1E118 /* PpgCoreSDKTests.xctest */,
			);
			name = Products;
			sourceTree = "<group>";
		};
		46CB7C9F29D322E400D1E118 /* PpgCoreSDK */ = {
			isa = PBXGroup;
			children = (
				467C96FE29EE825200DC3C50 /* Utils */,
				465FEA8C29D58A4400C85F94 /* PpgCoreClient.swift */,
				465FEA8A29D58A3200C85F94 /* Models */,
				465FEA8929D58A2700C85F94 /* Extensions */,
				465FEA8729D58A0B00C85F94 /* Services */,
				46CB7CA029D322E400D1E118 /* PpgCoreSDK.h */,
				46CB7CA129D322E400D1E118 /* PpgCoreSDK.docc */,
			);
			path = PpgCoreSDK;
			sourceTree = "<group>";
		};
		46CB7CAB29D322E400D1E118 /* PpgCoreSDKTests */ = {
			isa = PBXGroup;
			children = (
				46CB7CAC29D322E400D1E118 /* PpgCoreSDKTest.swift */,
			);
			path = PpgCoreSDKTests;
			sourceTree = "<group>";
		};
/* End PBXGroup section */

/* Begin PBXHeadersBuildPhase section */
		46CB7C9829D322E400D1E118 /* Headers */ = {
			isa = PBXHeadersBuildPhase;
			buildActionMask = 2147483647;
			files = (
				46CB7CAE29D322E400D1E118 /* PpgCoreSDK.h in Headers */,
			);
			runOnlyForDeploymentPostprocessing = 0;
		};
/* End PBXHeadersBuildPhase section */

/* Begin PBXNativeTarget section */
		46CB7C9C29D322E400D1E118 /* PpgCoreSDK */ = {
			isa = PBXNativeTarget;
			buildConfigurationList = 46CB7CB129D322E400D1E118 /* Build configuration list for PBXNativeTarget "PpgCoreSDK" */;
			buildPhases = (
				46CB7C9829D322E400D1E118 /* Headers */,
				46CB7C9929D322E400D1E118 /* Sources */,
				46CB7C9A29D322E400D1E118 /* Frameworks */,
				46CB7C9B29D322E400D1E118 /* Resources */,
			);
			buildRules = (
			);
			dependencies = (
			);
			name = PpgCoreSDK;
			productName = core_sdk;
			productReference = 46CB7C9D29D322E400D1E118 /* PpgCoreSDK.framework */;
			productType = "com.apple.product-type.framework";
		};
		46CB7CA629D322E400D1E118 /* PpgCoreSDKTests */ = {
			isa = PBXNativeTarget;
			buildConfigurationList = 46CB7CB429D322E400D1E118 /* Build configuration list for PBXNativeTarget "PpgCoreSDKTests" */;
			buildPhases = (
				46CB7CA329D322E400D1E118 /* Sources */,
				46CB7CA429D322E400D1E118 /* Frameworks */,
				46CB7CA529D322E400D1E118 /* Resources */,
			);
			buildRules = (
			);
			dependencies = (
				46CB7CAA29D322E400D1E118 /* PBXTargetDependency */,
			);
			name = PpgCoreSDKTests;
			productName = core_sdkTests;
			productReference = 46CB7CA729D322E400D1E118 /* PpgCoreSDKTests.xctest */;
			productType = "com.apple.product-type.bundle.unit-test";
		};
/* End PBXNativeTarget section */

/* Begin PBXProject section */
		46CB7C9429D322E400D1E118 /* Project object */ = {
			isa = PBXProject;
			attributes = {
				BuildIndependentTargetsInParallel = 1;
				LastSwiftUpdateCheck = 1420;
				LastUpgradeCheck = 1420;
				TargetAttributes = {
					46CB7C9C29D322E400D1E118 = {
						CreatedOnToolsVersion = 14.2;
					};
					46CB7CA629D322E400D1E118 = {
						CreatedOnToolsVersion = 14.2;
					};
				};
			};
			buildConfigurationList = 46CB7C9729D322E400D1E118 /* Build configuration list for PBXProject "PpgCoreSDK" */;
			compatibilityVersion = "Xcode 14.0";
			developmentRegion = en;
			hasScannedForEncodings = 0;
			knownRegions = (
				en,
				Base,
			);
			mainGroup = 46CB7C9329D322E400D1E118;
			productRefGroup = 46CB7C9E29D322E400D1E118 /* Products */;
			projectDirPath = "";
			projectRoot = "";
			targets = (
				46CB7C9C29D322E400D1E118 /* PpgCoreSDK */,
				46CB7CA629D322E400D1E118 /* PpgCoreSDKTests */,
			);
		};
/* End PBXProject section */

/* Begin PBXResourcesBuildPhase section */
		46CB7C9B29D322E400D1E118 /* Resources */ = {
			isa = PBXResourcesBuildPhase;
			buildActionMask = 2147483647;
			files = (
			);
			runOnlyForDeploymentPostprocessing = 0;
		};
		46CB7CA529D322E400D1E118 /* Resources */ = {
			isa = PBXResourcesBuildPhase;
			buildActionMask = 2147483647;
			files = (
			);
			runOnlyForDeploymentPostprocessing = 0;
		};
/* End PBXResourcesBuildPhase section */

/* Begin PBXSourcesBuildPhase section */
		46CB7C9929D322E400D1E118 /* Sources */ = {
			isa = PBXSourcesBuildPhase;
			buildActionMask = 2147483647;
			files = (
				465FEACA29D5939400C85F94 /* LocalNotifcationService.swift in Sources */,
				465FEA9E29D58A6400C85F94 /* DataNotification.swift in Sources */,
				465FEA8D29D58A4400C85F94 /* EventService.swift in Sources */,
				465FEAA129D58A6400C85F94 /* NotificationClicked.swift in Sources */,
				465FEA9429D58A5700C85F94 /* Data.swift in Sources */,
				465FEAA329D58A6400C85F94 /* Subscription.swift in Sources */,
				465FEA8E29D58A4400C85F94 /* PpgCoreClient.swift in Sources */,
				465FEAA029D58A6400C85F94 /* NotificationClosed.swift in Sources */,
				465FEA9F29D58A6400C85F94 /* NotificationDelivered.swift in Sources */,
				465FEA9629D58A5700C85F94 /* TemporaryImage.swift in Sources */,
				467C96FD29EE823700DC3C50 /* PpgCoreLogger.swift in Sources */,
				465FEAA429D58A6400C85F94 /* Notification.swift in Sources */,
				465FEA9529D58A5700C85F94 /* UNNotificationAttachment.swift in Sources */,
				46CB7CA229D322E400D1E118 /* PpgCoreSDK.docc in Sources */,
				465FEAA229D58A6400C85F94 /* SilentNotification.swift in Sources */,
			);
			runOnlyForDeploymentPostprocessing = 0;
		};
		46CB7CA329D322E400D1E118 /* Sources */ = {
			isa = PBXSourcesBuildPhase;
			buildActionMask = 2147483647;
			files = (
				46CB7CAD29D322E400D1E118 /* PpgCoreSDKTest.swift in Sources */,
			);
			runOnlyForDeploymentPostprocessing = 0;
		};
/* End PBXSourcesBuildPhase section */

/* Begin PBXTargetDependency section */
		46CB7CAA29D322E400D1E118 /* PBXTargetDependency */ = {
			isa = PBXTargetDependency;
			target = 46CB7C9C29D322E400D1E118 /* PpgCoreSDK */;
			targetProxy = 46CB7CA929D322E400D1E118 /* PBXContainerItemProxy */;
		};
/* End PBXTargetDependency section */

/* Begin XCBuildConfiguration section */
		46CB7CAF29D322E400D1E118 /* Debug */ = {
			isa = XCBuildConfiguration;
			buildSettings = {
				ALWAYS_SEARCH_USER_PATHS = NO;
				CLANG_ANALYZER_NONNULL = YES;
				CLANG_ANALYZER_NUMBER_OBJECT_CONVERSION = YES_AGGRESSIVE;
				CLANG_CXX_LANGUAGE_STANDARD = "gnu++20";
				CLANG_ENABLE_MODULES = YES;
				CLANG_ENABLE_OBJC_ARC = YES;
				CLANG_ENABLE_OBJC_WEAK = YES;
				CLANG_WARN_BLOCK_CAPTURE_AUTORELEASING = YES;
				CLANG_WARN_BOOL_CONVERSION = YES;
				CLANG_WARN_COMMA = YES;
				CLANG_WARN_CONSTANT_CONVERSION = YES;
				CLANG_WARN_DEPRECATED_OBJC_IMPLEMENTATIONS = YES;
				CLANG_WARN_DIRECT_OBJC_ISA_USAGE = YES_ERROR;
				CLANG_WARN_DOCUMENTATION_COMMENTS = YES;
				CLANG_WARN_EMPTY_BODY = YES;
				CLANG_WARN_ENUM_CONVERSION = YES;
				CLANG_WARN_INFINITE_RECURSION = YES;
				CLANG_WARN_INT_CONVERSION = YES;
				CLANG_WARN_NON_LITERAL_NULL_CONVERSION = YES;
				CLANG_WARN_OBJC_IMPLICIT_RETAIN_SELF = YES;
				CLANG_WARN_OBJC_LITERAL_CONVERSION = YES;
				CLANG_WARN_OBJC_ROOT_CLASS = YES_ERROR;
				CLANG_WARN_QUOTED_INCLUDE_IN_FRAMEWORK_HEADER = YES;
				CLANG_WARN_RANGE_LOOP_ANALYSIS = YES;
				CLANG_WARN_STRICT_PROTOTYPES = YES;
				CLANG_WARN_SUSPICIOUS_MOVE = YES;
				CLANG_WARN_UNGUARDED_AVAILABILITY = YES_AGGRESSIVE;
				CLANG_WARN_UNREACHABLE_CODE = YES;
				CLANG_WARN__DUPLICATE_METHOD_MATCH = YES;
				COPY_PHASE_STRIP = NO;
				CURRENT_PROJECT_VERSION = 1;
				DEBUG_INFORMATION_FORMAT = dwarf;
				ENABLE_STRICT_OBJC_MSGSEND = YES;
				ENABLE_TESTABILITY = YES;
				GCC_C_LANGUAGE_STANDARD = gnu11;
				GCC_DYNAMIC_NO_PIC = NO;
				GCC_NO_COMMON_BLOCKS = YES;
				GCC_OPTIMIZATION_LEVEL = 0;
				GCC_PREPROCESSOR_DEFINITIONS = (
					"DEBUG=1",
					"$(inherited)",
				);
				GCC_WARN_64_TO_32_BIT_CONVERSION = YES;
				GCC_WARN_ABOUT_RETURN_TYPE = YES_ERROR;
				GCC_WARN_UNDECLARED_SELECTOR = YES;
				GCC_WARN_UNINITIALIZED_AUTOS = YES_AGGRESSIVE;
				GCC_WARN_UNUSED_FUNCTION = YES;
				GCC_WARN_UNUSED_VARIABLE = YES;
				IPHONEOS_DEPLOYMENT_TARGET = 16.2;
				MTL_ENABLE_DEBUG_INFO = INCLUDE_SOURCE;
				MTL_FAST_MATH = YES;
				ONLY_ACTIVE_ARCH = YES;
				SDKROOT = iphoneos;
				SWIFT_ACTIVE_COMPILATION_CONDITIONS = DEBUG;
				SWIFT_OPTIMIZATION_LEVEL = "-Onone";
				VERSIONING_SYSTEM = "apple-generic";
				VERSION_INFO_PREFIX = "";
			};
			name = Debug;
		};
		46CB7CB029D322E400D1E118 /* Release */ = {
			isa = XCBuildConfiguration;
			buildSettings = {
				ALWAYS_SEARCH_USER_PATHS = NO;
				CLANG_ANALYZER_NONNULL = YES;
				CLANG_ANALYZER_NUMBER_OBJECT_CONVERSION = YES_AGGRESSIVE;
				CLANG_CXX_LANGUAGE_STANDARD = "gnu++20";
				CLANG_ENABLE_MODULES = YES;
				CLANG_ENABLE_OBJC_ARC = YES;
				CLANG_ENABLE_OBJC_WEAK = YES;
				CLANG_WARN_BLOCK_CAPTURE_AUTORELEASING = YES;
				CLANG_WARN_BOOL_CONVERSION = YES;
				CLANG_WARN_COMMA = YES;
				CLANG_WARN_CONSTANT_CONVERSION = YES;
				CLANG_WARN_DEPRECATED_OBJC_IMPLEMENTATIONS = YES;
				CLANG_WARN_DIRECT_OBJC_ISA_USAGE = YES_ERROR;
				CLANG_WARN_DOCUMENTATION_COMMENTS = YES;
				CLANG_WARN_EMPTY_BODY = YES;
				CLANG_WARN_ENUM_CONVERSION = YES;
				CLANG_WARN_INFINITE_RECURSION = YES;
				CLANG_WARN_INT_CONVERSION = YES;
				CLANG_WARN_NON_LITERAL_NULL_CONVERSION = YES;
				CLANG_WARN_OBJC_IMPLICIT_RETAIN_SELF = YES;
				CLANG_WARN_OBJC_LITERAL_CONVERSION = YES;
				CLANG_WARN_OBJC_ROOT_CLASS = YES_ERROR;
				CLANG_WARN_QUOTED_INCLUDE_IN_FRAMEWORK_HEADER = YES;
				CLANG_WARN_RANGE_LOOP_ANALYSIS = YES;
				CLANG_WARN_STRICT_PROTOTYPES = YES;
				CLANG_WARN_SUSPICIOUS_MOVE = YES;
				CLANG_WARN_UNGUARDED_AVAILABILITY = YES_AGGRESSIVE;
				CLANG_WARN_UNREACHABLE_CODE = YES;
				CLANG_WARN__DUPLICATE_METHOD_MATCH = YES;
				COPY_PHASE_STRIP = NO;
				CURRENT_PROJECT_VERSION = 1;
				DEBUG_INFORMATION_FORMAT = "dwarf-with-dsym";
				ENABLE_NS_ASSERTIONS = NO;
				ENABLE_STRICT_OBJC_MSGSEND = YES;
				GCC_C_LANGUAGE_STANDARD = gnu11;
				GCC_NO_COMMON_BLOCKS = YES;
				GCC_WARN_64_TO_32_BIT_CONVERSION = YES;
				GCC_WARN_ABOUT_RETURN_TYPE = YES_ERROR;
				GCC_WARN_UNDECLARED_SELECTOR = YES;
				GCC_WARN_UNINITIALIZED_AUTOS = YES_AGGRESSIVE;
				GCC_WARN_UNUSED_FUNCTION = YES;
				GCC_WARN_UNUSED_VARIABLE = YES;
				IPHONEOS_DEPLOYMENT_TARGET = 16.2;
				MTL_ENABLE_DEBUG_INFO = NO;
				MTL_FAST_MATH = YES;
				SDKROOT = iphoneos;
				SWIFT_COMPILATION_MODE = wholemodule;
				SWIFT_OPTIMIZATION_LEVEL = "-O";
				VALIDATE_PRODUCT = YES;
				VERSIONING_SYSTEM = "apple-generic";
				VERSION_INFO_PREFIX = "";
			};
			name = Release;
		};
		46CB7CB229D322E400D1E118 /* Debug */ = {
			isa = XCBuildConfiguration;
			buildSettings = {
				BUILD_LIBRARY_FOR_DISTRIBUTION = YES;
				CODE_SIGN_STYLE = Automatic;
				CURRENT_PROJECT_VERSION = 1;
				DEFINES_MODULE = YES;
				DEVELOPMENT_TEAM = 2PH89S8YQM;
				DYLIB_COMPATIBILITY_VERSION = 1;
				DYLIB_CURRENT_VERSION = 1;
				DYLIB_INSTALL_NAME_BASE = "@rpath";
				GENERATE_INFOPLIST_FILE = YES;
				INFOPLIST_KEY_NSHumanReadableCopyright = "";
				INSTALL_PATH = "$(LOCAL_LIBRARY_DIR)/Frameworks";
				IPHONEOS_DEPLOYMENT_TARGET = 14.0;
				LD_RUNPATH_SEARCH_PATHS = (
					"$(inherited)",
					"@executable_path/Frameworks",
					"@loader_path/Frameworks",
				);
				MARKETING_VERSION = 1.0;
				PRODUCT_BUNDLE_IDENTIFIER = "com.pushpushgo.core-sdk";
				PRODUCT_NAME = "$(TARGET_NAME:c99extidentifier)";
				SKIP_INSTALL = YES;
				SWIFT_EMIT_LOC_STRINGS = YES;
				SWIFT_VERSION = 5.0;
				TARGETED_DEVICE_FAMILY = "1,2";
			};
			name = Debug;
		};
		46CB7CB329D322E400D1E118 /* Release */ = {
			isa = XCBuildConfiguration;
			buildSettings = {
				BUILD_LIBRARY_FOR_DISTRIBUTION = YES;
				CODE_SIGN_STYLE = Automatic;
				CURRENT_PROJECT_VERSION = 1;
				DEFINES_MODULE = YES;
				DEVELOPMENT_TEAM = 2PH89S8YQM;
				DYLIB_COMPATIBILITY_VERSION = 1;
				DYLIB_CURRENT_VERSION = 1;
				DYLIB_INSTALL_NAME_BASE = "@rpath";
				GENERATE_INFOPLIST_FILE = YES;
				INFOPLIST_KEY_NSHumanReadableCopyright = "";
				INSTALL_PATH = "$(LOCAL_LIBRARY_DIR)/Frameworks";
				IPHONEOS_DEPLOYMENT_TARGET = 14.0;
				LD_RUNPATH_SEARCH_PATHS = (
					"$(inherited)",
					"@executable_path/Frameworks",
					"@loader_path/Frameworks",
				);
				MARKETING_VERSION = 1.0;
				PRODUCT_BUNDLE_IDENTIFIER = "com.pushpushgo.core-sdk";
				PRODUCT_NAME = "$(TARGET_NAME:c99extidentifier)";
				SKIP_INSTALL = YES;
				SWIFT_EMIT_LOC_STRINGS = YES;
				SWIFT_VERSION = 5.0;
				TARGETED_DEVICE_FAMILY = "1,2";
			};
			name = Release;
		};
		46CB7CB529D322E400D1E118 /* Debug */ = {
			isa = XCBuildConfiguration;
			buildSettings = {
				ALWAYS_EMBED_SWIFT_STANDARD_LIBRARIES = YES;
				CODE_SIGN_STYLE = Automatic;
				CURRENT_PROJECT_VERSION = 1;
				DEVELOPMENT_TEAM = 2PH89S8YQM;
				GENERATE_INFOPLIST_FILE = YES;
				MARKETING_VERSION = 1.0;
				PRODUCT_BUNDLE_IDENTIFIER = "com.pushpushgo.core-sdkTests";
				PRODUCT_NAME = "$(TARGET_NAME)";
				SWIFT_EMIT_LOC_STRINGS = NO;
				SWIFT_VERSION = 5.0;
				TARGETED_DEVICE_FAMILY = "1,2";
			};
			name = Debug;
		};
		46CB7CB629D322E400D1E118 /* Release */ = {
			isa = XCBuildConfiguration;
			buildSettings = {
				ALWAYS_EMBED_SWIFT_STANDARD_LIBRARIES = YES;
				CODE_SIGN_STYLE = Automatic;
				CURRENT_PROJECT_VERSION = 1;
				DEVELOPMENT_TEAM = 2PH89S8YQM;
				GENERATE_INFOPLIST_FILE = YES;
				MARKETING_VERSION = 1.0;
				PRODUCT_BUNDLE_IDENTIFIER = "com.pushpushgo.core-sdkTests";
				PRODUCT_NAME = "$(TARGET_NAME)";
				SWIFT_EMIT_LOC_STRINGS = NO;
				SWIFT_VERSION = 5.0;
				TARGETED_DEVICE_FAMILY = "1,2";
			};
			name = Release;
		};
/* End XCBuildConfiguration section */

/* Begin XCConfigurationList section */
		46CB7C9729D322E400D1E118 /* Build configuration list for PBXProject "PpgCoreSDK" */ = {
			isa = XCConfigurationList;
			buildConfigurations = (
				46CB7CAF29D322E400D1E118 /* Debug */,
				46CB7CB029D322E400D1E118 /* Release */,
			);
			defaultConfigurationIsVisible = 0;
			defaultConfigurationName = Release;
		};
		46CB7CB129D322E400D1E118 /* Build configuration list for PBXNativeTarget "PpgCoreSDK" */ = {
			isa = XCConfigurationList;
			buildConfigurations = (
				46CB7CB229D322E400D1E118 /* Debug */,
				46CB7CB329D322E400D1E118 /* Release */,
			);
			defaultConfigurationIsVisible = 0;
			defaultConfigurationName = Release;
		};
		46CB7CB429D322E400D1E118 /* Build configuration list for PBXNativeTarget "PpgCoreSDKTests" */ = {
			isa = XCConfigurationList;
			buildConfigurations = (
				46CB7CB529D322E400D1E118 /* Debug */,
				46CB7CB629D322E400D1E118 /* Release */,
			);
			defaultConfigurationIsVisible = 0;
			defaultConfigurationName = Release;
		};
/* End XCConfigurationList section */
	};
	rootObject = 46CB7C9429D322E400D1E118 /* Project object */;
}
